PODS:
  - Kanna (2.1.1)
  - RxCocoa (3.2.0):
    - RxSwift (~> 3.1)
  - RxSwift (3.2.0)

DEPENDENCIES:
  - Kanna (~> 2.1.0)
  - RxCocoa (~> 3.0)
  - RxSwift (~> 3.0)

SPEC CHECKSUMS:
  Kanna: db17eae870ba4f8702e894c88dcf55f01986b674
  RxCocoa: 8b71807794820cdd56af916ccf10519e430ce99a
  RxSwift: 8a037c17b4f67131161f5d021d01e8d24f51920a

PODFILE CHECKSUM: 9847780554c1f2bfe26482cb898957c68814b12d

COCOAPODS: 1.2.0
